// !$*UTF8*$!
{
"archiveVersion" = 1;
"classes" = {
};
"objectVersion" = 56;
"objects" = {
"8BF4A28E43F6CF370D3EE1C2" = {
"isa" = "PBXFileReference";
"lastKnownFileType" = "sourcecode.swift";
"path" = "Models.swift";
"sourceTree" = "<group>";
};
"487C502A5481E87001E8CC43" = {
"isa" = "PBXBuildFile";
"fileRef" = "8BF4A28E43F6CF370D3EE1C2";
};
"94583473ED68E2065C55C880" = {
"isa" = "PBXFileReference";
"lastKnownFileType" = "sourcecode.swift";
"path" = "Session.swift";
"sourceTree" = "<group>";
};
"6A483D94B26B20FA07B3CE2C" = {
"isa" = "PBXBuildFile";
"fileRef" = "94583473ED68E2065C55C880";
};
"E985D865BFB37DEEC73BE3A6" = {
"isa" = "PBXFileReference";
"lastKnownFileType" = "sourcecode.swift";
"path" = "PRIVSIGApp.swift";
"sourceTree" = "<group>";
};
"6B51CA021644EE1E6CFD4C56" = {
"isa" = "PBXBuildFile";
"fileRef" = "E985D865BFB37DEEC73BE3A6";
};
"4503C062B9A170B0DD581B87" = {
"isa" = "PBXFileReference";
"lastKnownFileType" = "sourcecode.swift";
"path" = "Admin.swift";
"sourceTree" = "<group>";
};
"F600741F8C601CB069852030" = {
"isa" = "PBXBuildFile";
"fileRef" = "4503C062B9A170B0DD581B87";
};
"41DABAE7B9269B285D97D343" = {
"isa" = "PBXFileReference";
"lastKnownFileType" = "text.json";
"path" = "Catalog.json";
"sourceTree" = "<group>";
};
"3685E330EC5277A9DD5661C6" = {
"isa" = "PBXFileReference";
"lastKnownFileType" = "folder.assetcatalog";
"path" = "Assets.xcassets";
"sourceTree" = "<group>";
};
"1467E276B35AA4CAE2CE41C0" = {
"isa" = "PBXBuildFile";
"fileRef" = "41DABAE7B9269B285D97D343";
};
"8EFD5743999F168D176AB696" = {
"isa" = "PBXBuildFile";
"fileRef" = "3685E330EC5277A9DD5661C6";
};
"38A007151ABE87CC01A5B6E9" = {
"isa" = "PBXFileReference";
"explicitFileType" = "wrapper.application";
"path" = "PRIVSIGMobile.app";
"sourceTree" = "BUILT_PRODUCTS_DIR";
};
"85D8479575CADE6B657889D7" = {
"isa" = "PBXGroup";
"children" = ("8BF4A28E43F6CF370D3EE1C2", "94583473ED68E2065C55C880", "E985D865BFB37DEEC73BE3A6", "4503C062B9A170B0DD581B87", "41DABAE7B9269B285D97D343", "3685E330EC5277A9DD5661C6");
"path" = "PRIVSIGMobile";
"sourceTree" = "<group>";
};
"FBDC4F23F93125BBEEAE800C" = {
"isa" = "PBXGroup";
"children" = ("38A007151ABE87CC01A5B6E9");
"name" = "Products";
"sourceTree" = "<group>";
};
"325F10A6957A34D66CB8C0E4" = {
"isa" = "PBXGroup";
"children" = ("85D8479575CADE6B657889D7", "FBDC4F23F93125BBEEAE800C");
"sourceTree" = "<group>";
};
"BCE16DD0260827ECF338C787" = {
"isa" = "PBXSourcesBuildPhase";
"buildActionMask" = 2147483647;
"files" = ("487C502A5481E87001E8CC43", "6A483D94B26B20FA07B3CE2C", "6B51CA021644EE1E6CFD4C56", "F600741F8C601CB069852030");
"runOnlyForDeploymentPostprocessing" = 0;
};
"0189424A5A60FED329FA868E" = {
"isa" = "PBXResourcesBuildPhase";
"buildActionMask" = 2147483647;
"files" = ("1467E276B35AA4CAE2CE41C0", "8EFD5743999F168D176AB696");
"runOnlyForDeploymentPostprocessing" = 0;
};
"7561BFB015D8F536760CB671" = {
"isa" = "PBXFrameworksBuildPhase";
"buildActionMask" = 2147483647;
"files" = ();
"runOnlyForDeploymentPostprocessing" = 0;
};
"89E1FD6268CC0F221A2BE178" = {
"isa" = "XCBuildConfiguration";
"name" = "Debug";
"buildSettings" = {
"SDKROOT" = "iphoneos";
"IPHONEOS_DEPLOYMENT_TARGET" = "17.0";
"SWIFT_VERSION" = "5.0";
"CLANG_ENABLE_MODULES" = "YES";
};
};
"7082CC0B6FC1282FCEABD07A" = {
"isa" = "XCBuildConfiguration";
"name" = "Debug";
"buildSettings" = {
"PRODUCT_BUNDLE_IDENTIFIER" = "pl.privsig.school.mobile";
"PRODUCT_NAME" = "$(TARGET_NAME)";
"SWIFT_VERSION" = "5.0";
"IPHONEOS_DEPLOYMENT_TARGET" = "17.0";
"TARGETED_DEVICE_FAMILY" = "1,2";
"GENERATE_INFOPLIST_FILE" = "YES";
"INFOPLIST_KEY_NSLocalNetworkUsageDescription" = "Połączenie z serwerem szkoły w sieci lokalnej.";
"INFOPLIST_KEY_CFBundleDisplayName" = "PRIVSIG";
"INFOPLIST_KEY_UILaunchScreen_Generation" = "YES";
"INFOPLIST_KEY_UIApplicationSceneManifest_Generation" = "YES";
"INFOPLIST_KEY_UISupportedInterfaceOrientations" = "UIInterfaceOrientationPortrait UIInterfaceOrientationLandscapeLeft UIInterfaceOrientationLandscapeRight";
"CODE_SIGN_STYLE" = "Automatic";
"DEVELOPMENT_TEAM" = "";
"ASSETCATALOG_COMPILER_APPICON_NAME" = "AppIcon";
"CURRENT_PROJECT_VERSION" = "1";
"MARKETING_VERSION" = "0.1.0";
"SWIFT_OPTIMIZATION_LEVEL" = "-Onone";
"SUPPORTED_PLATFORMS" = "iphoneos iphonesimulator";
};
};
"E6DE6C99132752C914FEF632" = {
"isa" = "XCBuildConfiguration";
"name" = "Release";
"buildSettings" = {
"SDKROOT" = "iphoneos";
"IPHONEOS_DEPLOYMENT_TARGET" = "17.0";
"SWIFT_VERSION" = "5.0";
"CLANG_ENABLE_MODULES" = "YES";
};
};
"639A7CA24D39909E713B47F7" = {
"isa" = "XCBuildConfiguration";
"name" = "Release";
"buildSettings" = {
"PRODUCT_BUNDLE_IDENTIFIER" = "pl.privsig.school.mobile";
"PRODUCT_NAME" = "$(TARGET_NAME)";
"SWIFT_VERSION" = "5.0";
"IPHONEOS_DEPLOYMENT_TARGET" = "17.0";
"TARGETED_DEVICE_FAMILY" = "1,2";
"GENERATE_INFOPLIST_FILE" = "YES";
"INFOPLIST_KEY_NSLocalNetworkUsageDescription" = "Połączenie z serwerem szkoły w sieci lokalnej.";
"INFOPLIST_KEY_CFBundleDisplayName" = "PRIVSIG";
"INFOPLIST_KEY_UILaunchScreen_Generation" = "YES";
"INFOPLIST_KEY_UIApplicationSceneManifest_Generation" = "YES";
"INFOPLIST_KEY_UISupportedInterfaceOrientations" = "UIInterfaceOrientationPortrait UIInterfaceOrientationLandscapeLeft UIInterfaceOrientationLandscapeRight";
"CODE_SIGN_STYLE" = "Automatic";
"DEVELOPMENT_TEAM" = "";
"ASSETCATALOG_COMPILER_APPICON_NAME" = "AppIcon";
"CURRENT_PROJECT_VERSION" = "1";
"MARKETING_VERSION" = "0.1.0";
"SWIFT_OPTIMIZATION_LEVEL" = "-O";
"SUPPORTED_PLATFORMS" = "iphoneos iphonesimulator";
};
};
"862894B703A6DEDF96A9DD6C" = {
"isa" = "XCConfigurationList";
"buildConfigurations" = ("89E1FD6268CC0F221A2BE178", "E6DE6C99132752C914FEF632");
"defaultConfigurationIsVisible" = 0;
"defaultConfigurationName" = "Release";
};
"C57128001CE614BF8549D6BB" = {
"isa" = "XCConfigurationList";
"buildConfigurations" = ("7082CC0B6FC1282FCEABD07A", "639A7CA24D39909E713B47F7");
"defaultConfigurationIsVisible" = 0;
"defaultConfigurationName" = "Release";
};
"0E8A3AD980EC179856012B7E" = {
"isa" = "PBXNativeTarget";
"buildConfigurationList" = "C57128001CE614BF8549D6BB";
"buildPhases" = ("BCE16DD0260827ECF338C787", "7561BFB015D8F536760CB671", "0189424A5A60FED329FA868E");
"buildRules" = ();
"dependencies" = ();
"name" = "PRIVSIGMobile";
"productName" = "PRIVSIGMobile";
"productReference" = "38A007151ABE87CC01A5B6E9";
"productType" = "com.apple.product-type.application";
};
"98F54143AB4E86B28C3AFEE0" = {
"isa" = "PBXProject";
"attributes" = {
"LastUpgradeCheck" = "1600";
};
"buildConfigurationList" = "862894B703A6DEDF96A9DD6C";
"compatibilityVersion" = "Xcode 14.0";
"developmentRegion" = "pl";
"knownRegions" = ("pl", "en", "Base");
"mainGroup" = "325F10A6957A34D66CB8C0E4";
"productRefGroup" = "FBDC4F23F93125BBEEAE800C";
"projectDirPath" = "";
"projectRoot" = "";
"targets" = ("0E8A3AD980EC179856012B7E");
};
};
"rootObject" = "98F54143AB4E86B28C3AFEE0";
}
